
Microsoft Visual Studio Solution File, Format Version 12.00
# Visual Studio Version 16
VisualStudioVersion = 16.0.29814.53
MinimumVisualStudioVersion = 10.0.40219.1
Project("{9A19103F-16F7-4668-BE54-9A1E7A4F7556}") = "Blazorball", "Blazorball\Blazorball.csproj", "{85328219-6FA1-4DE4-BB65-6D3EF7C0B4CC}"
EndProject
Global
	GlobalSection(SolutionConfigurationPlatforms) = preSolution
		Debug|Any CPU = Debug|Any CPU
		Release|Any CPU = Release|Any CPU
	EndGlobalSection
	GlobalSection(ProjectConfigurationPlatforms) = postSolution
		{85328219-6FA1-4DE4-BB65-6D3EF7C0B4CC}.Debug|Any CPU.ActiveCfg = Debug|Any CPU
		{85328219-6FA1-4DE4-BB65-6D3EF7C0B4CC}.Debug|Any CPU.Build.0 = Debug|Any CPU
		{85328219-6FA1-4DE4-BB65-6D3EF7C0B4CC}.Release|Any CPU.ActiveCfg = Release|Any CPU
		{85328219-6FA1-4DE4-BB65-6D3EF7C0B4CC}.Release|Any CPU.Build.0 = Release|Any CPU
	EndGlobalSection
	GlobalSection(SolutionProperties) = preSolution
		HideSolutionNode = FALSE
	EndGlobalSection
	GlobalSection(ExtensibilityGlobals) = postSolution
		SolutionGuid = {11B510EC-303D-49DF-8A0B-0D24F44D089E}
	EndGlobalSection
EndGlobal
